
Microsoft Visual Studio Solution File, Format Version 12.00
# Visual Studio Version 17
VisualStudioVersion = 17.2.32616.157
MinimumVisualStudioVersion = 10.0.40219.1
Project("{9A19103F-16F7-4668-BE54-9A1E7A4F7556}") = "SmartHomeSecuritySystem", "SmartHomeSecuritySystem\SmartHomeSecuritySystem.csproj", "{8539DD1F-793C-45C8-996C-D71CC573AAD7}"
EndProject
Global
	GlobalSection(SolutionConfigurationPlatforms) = preSolution
		Debug|Any CPU = Debug|Any CPU
		Release|Any CPU = Release|Any CPU
	EndGlobalSection
	GlobalSection(ProjectConfigurationPlatforms) = postSolution
		{8539DD1F-793C-45C8-996C-D71CC573AAD7}.Debug|Any CPU.ActiveCfg = Debug|Any CPU
		{8539DD1F-793C-45C8-996C-D71CC573AAD7}.Debug|Any CPU.Build.0 = Debug|Any CPU
		{8539DD1F-793C-45C8-996C-D71CC573AAD7}.Release|Any CPU.ActiveCfg = Release|Any CPU
		{8539DD1F-793C-45C8-996C-D71CC573AAD7}.Release|Any CPU.Build.0 = Release|Any CPU
	EndGlobalSection
	GlobalSection(SolutionProperties) = preSolution
		HideSolutionNode = FALSE
	EndGlobalSection
	GlobalSection(ExtensibilityGlobals) = postSolution
		SolutionGuid = {B0A1A450-905C-4CB8-BD67-2CEC1E8D963D}
	EndGlobalSection
EndGlobal
